
Microsoft Visual Studio Solution File, Format Version 12.00
# Visual Studio 2012
Project("{FAE04EC0-301F-11D3-BF4B-00C04F79EFBC}") = "SimpleCalculator", "SimpleCalculator\SimpleCalculator.csproj", "{9C2147BA-ED3E-4CDE-89D6-BE285DB97909}"
EndProject
Global
	GlobalSection(SolutionConfigurationPlatforms) = preSolution
		Debug|x86 = Debug|x86
		Release|x86 = Release|x86
	EndGlobalSection
	GlobalSection(ProjectConfigurationPlatforms) = postSolution
		{9C2147BA-ED3E-4CDE-89D6-BE285DB97909}.Debug|x86.ActiveCfg = Debug|x86
		{9C2147BA-ED3E-4CDE-89D6-BE285DB97909}.Debug|x86.Build.0 = Debug|x86
		{9C2147BA-ED3E-4CDE-89D6-BE285DB97909}.Release|x86.ActiveCfg = Release|x86
		{9C2147BA-ED3E-4CDE-89D6-BE285DB97909}.Release|x86.Build.0 = Release|x86
	EndGlobalSection
EndGlobal
